
Microsoft Visual Studio Solution File, Format Version 12.00
# Visual Studio Version 17
VisualStudioVersion = 17.0.32112.339
MinimumVisualStudioVersion = 10.0.40219.1
Project("{FAE04EC0-301F-11D3-BF4B-00C04F79EFBC}") = "lr30", "lr30\lr30.csproj", "{FAF46233-D2E4-4CC9-B216-6D614EBFE5DB}"
EndProject
Global
	GlobalSection(SolutionConfigurationPlatforms) = preSolution
		Debug|Any CPU = Debug|Any CPU
		Release|Any CPU = Release|Any CPU
	EndGlobalSection
	GlobalSection(ProjectConfigurationPlatforms) = postSolution
		{FAF46233-D2E4-4CC9-B216-6D614EBFE5DB}.Debug|Any CPU.ActiveCfg = Debug|Any CPU
		{FAF46233-D2E4-4CC9-B216-6D614EBFE5DB}.Debug|Any CPU.Build.0 = Debug|Any CPU
		{FAF46233-D2E4-4CC9-B216-6D614EBFE5DB}.Release|Any CPU.ActiveCfg = Release|Any CPU
		{FAF46233-D2E4-4CC9-B216-6D614EBFE5DB}.Release|Any CPU.Build.0 = Release|Any CPU
	EndGlobalSection
	GlobalSection(SolutionProperties) = preSolution
		HideSolutionNode = FALSE
	EndGlobalSection
	GlobalSection(ExtensibilityGlobals) = postSolution
		SolutionGuid = {AD88776C-C8BE-407D-A6A2-B770DAFAC9D3}
	EndGlobalSection
EndGlobal
